# This file is automatically @generated by Poetry 1.7.1 and should not be changed by hand.

[[package]]
name = "pylsl"
version = "1.16.2"
description = "Python interface to the Lab Streaming Layer"
optional = false
python-versions = "*"
files = [
    {file = "pylsl-1.16.2-py2.py3-none-any.whl", hash = "sha256:c7ebf9e0d96fe6c18bd4966dc734060900fabadd3cf30f652b256db732add5d7"},
    {file = "pylsl-1.16.2-py2.py3-none-win32.whl", hash = "sha256:6138b0856e8653bbad6bfd043a62315fffbd6e21528ee905d1f989dbb7299322"},
    {file = "pylsl-1.16.2-py2.py3-none-win_amd64.whl", hash = "sha256:827c7b75952a83aadbd6df8dd04adff6853a75c43c17b355370153cdb7c77d9f"},
]

[metadata]
lock-version = "2.0"
python-versions = ">=3.9,<3.13"
content-hash = "63647c76b237ea559eddd76b445de2368f85e4ba95eeb9c8662121b7c4a60440"
